# THIS IS AN AUTOGENERATED FILE. DO NOT EDIT THIS FILE DIRECTLY.
# yarn lockfile v1


bind-decorator@^1.0.11:
  version "1.0.11"
  resolved "https://registry.npmjs.org/bind-decorator/-/bind-decorator-1.0.11.tgz#e41bc06a1f65dd9cec476c91c5daf3978488252f"
  integrity sha1-5BvAah9l3ZzsR2yRxdrzl4SIJS8=

bn.js@^5.1.1:
  version "5.1.3"
  resolved "https://registry.npmjs.org/bn.js/-/bn.js-5.1.3.tgz#beca005408f642ebebea80b042b4d18d2ac0ee6b"
  integrity sha512-GkTiFpjFtUzU9CbMeJ5iazkCzGL3jrhzerzZIuqLABjbwRaFt33I9tUdSNryIptM+RxDet6OKm2WnLXzW51KsQ==

clsx@^1.1.0:
  version "1.1.1"
  resolved "https://registry.npmjs.org/clsx/-/clsx-1.1.1.tgz#98b3134f9abbdf23b2663491ace13c5c03a73188"
  integrity sha512-6/bPho624p3S2pMyvP5kKBPXnI3ufHLObBFCfgx+LkeR5lg2XYy2hqZqUf45ypD8COn2bhgGJSUE+l5dhNBieA==

preact@^10.3.3:
  version "10.4.8"
  resolved "https://registry.npmjs.org/preact/-/preact-10.4.8.tgz#8517b106cc5591eb675237c93da99ac052cf4756"
  integrity sha512-uVLeEAyRsCkUEFhVHlOu17OxcrwC7+hTGZ08kBoLBiGHiZooUZuibQnphgMKftw/rqYntNMyhVCPqQhcyAGHag==

rxjs@^6.5.4:
  version "6.6.3"
  resolved "https://registry.npmjs.org/rxjs/-/rxjs-6.6.3.tgz#8ca84635c4daa900c0d3967a6ee7ac60271ee552"
  integrity sha512-trsQc+xYYXZ3urjOiJOuCOa5N3jAZ3eiSpQB5hIT8zGlL2QfnHLJ2r7GMkBGuIausdJN1OneaI6gQlsqNHHmZQ==
  dependencies:
    tslib "^1.9.0"

tslib@^1.9.0:
  version "1.13.0"
  resolved "https://registry.npmjs.org/tslib/-/tslib-1.13.0.tgz#c881e13cc7015894ed914862d276436fa9a47043"
  integrity sha512-i/6DQjL8Xf3be4K/E6Wgpekn5Qasl1usyw++dAA35Ue5orEn65VIxOA+YvNNl9HV3qv70T7CNwjODHZrLwvd1Q==

walletlink@^2.0.2:
  version "2.0.2"
  resolved "https://registry.npmjs.org/walletlink/-/walletlink-2.0.2.tgz#8640e42d3df49b4661019287ab9789e94b72db98"
  integrity sha512-4MIctCHAjcPHSQUHpHuU9leUAvYqRF+/4kCq7x9AngZQ2Jd74dbpC8dfZ55uOwW8TXc7z9XYeSyzRrGHbv5ZXg==
  dependencies:
    bind-decorator "^1.0.11"
    bn.js "^5.1.1"
    clsx "^1.1.0"
    preact "^10.3.3"
    rxjs "^6.5.4"
