# THIS IS AN AUTOGENERATED FILE. DO NOT EDIT THIS FILE DIRECTLY.
# yarn lockfile v1


bind-decorator@^1.0.11:
  version "1.0.11"
  resolved "https://registry.npm.taobao.org/bind-decorator/download/bind-decorator-1.0.11.tgz#e41bc06a1f65dd9cec476c91c5daf3978488252f"
  integrity sha1-5BvAah9l3ZzsR2yRxdrzl4SIJS8=

bn.js@^5.1.1:
  version "5.1.3"
  resolved "https://registry.npm.taobao.org/bn.js/download/bn.js-5.1.3.tgz#beca005408f642ebebea80b042b4d18d2ac0ee6b"
  integrity sha1-vsoAVAj2Quvr6oCwQrTRjSrA7ms=

clsx@^1.1.0:
  version "1.1.1"
  resolved "https://registry.npm.taobao.org/clsx/download/clsx-1.1.1.tgz?cache=0&sync_timestamp=1590820340105&other_urls=https%3A%2F%2Fregistry.npm.taobao.org%2Fclsx%2Fdownload%2Fclsx-1.1.1.tgz#98b3134f9abbdf23b2663491ace13c5c03a73188"
  integrity sha1-mLMTT5q73yOyZjSRrOE8XAOnMYg=

preact@^10.3.3:
  version "10.5.4"
  resolved "https://registry.npm.taobao.org/preact/download/preact-10.5.4.tgz?cache=0&sync_timestamp=1601916053969&other_urls=https%3A%2F%2Fregistry.npm.taobao.org%2Fpreact%2Fdownload%2Fpreact-10.5.4.tgz#1e4d148f949fa54656df6c9bc9218bd4e12016e3"
  integrity sha1-Hk0Uj5SfpUZW32ybySGL1OEgFuM=

rxjs@^6.5.4:
  version "6.6.3"
  resolved "https://registry.npm.taobao.org/rxjs/download/rxjs-6.6.3.tgz?cache=0&sync_timestamp=1600896620500&other_urls=https%3A%2F%2Fregistry.npm.taobao.org%2Frxjs%2Fdownload%2Frxjs-6.6.3.tgz#8ca84635c4daa900c0d3967a6ee7ac60271ee552"
  integrity sha1-jKhGNcTaqQDA05Z6buesYCce5VI=
  dependencies:
    tslib "^1.9.0"

tslib@^1.9.0:
  version "1.14.1"
  resolved "https://registry.npm.taobao.org/tslib/download/tslib-1.14.1.tgz?cache=0&sync_timestamp=1602286724979&other_urls=https%3A%2F%2Fregistry.npm.taobao.org%2Ftslib%2Fdownload%2Ftslib-1.14.1.tgz#cf2d38bdc34a134bcaf1091c41f6619e2f672d00"
  integrity sha1-zy04vcNKE0vK8QkcQfZhni9nLQA=

walletlink@^2.0.2:
  version "2.0.2"
  resolved "https://registry.npm.taobao.org/walletlink/download/walletlink-2.0.2.tgz#8640e42d3df49b4661019287ab9789e94b72db98"
  integrity sha1-hkDkLT30m0ZhAZKHq5eJ6Uty25g=
  dependencies:
    bind-decorator "^1.0.11"
    bn.js "^5.1.1"
    clsx "^1.1.0"
    preact "^10.3.3"
    rxjs "^6.5.4"
