# THIS IS AN AUTOGENERATED FILE. DO NOT EDIT THIS FILE DIRECTLY.
# yarn lockfile v1


"@wansproject/bytes@^5.0.5":
  version "5.0.5"
  resolved "https://registry.npmjs.org/@wansproject/bytes/-/bytes-5.0.5.tgz#e829a556492de4abbf88aaf32b0519aa0938541b"
  integrity sha512-Hyics27DWqKHgEEBMHTgTUvwjwr3vyGgqIVri9sdavkSkWf00vWSb9TknEYuWxM658u2w5PeUrVUFElAvFuDng==
  dependencies:
    "@wansproject/logger" "^5.0.6"

"@wansproject/keccak256@^5.0.0-beta.130":
  version "5.0.4"
  resolved "https://registry.npmjs.org/@wansproject/keccak256/-/keccak256-5.0.4.tgz#ba5c9442c647daffbda058a0331592a8e4c01304"
  integrity sha512-ODdWBFcmakAOJLqnmVs2rJ6csmc5zK4bXneWbwlaFlz6zvr181Yek73h/S+firFe3Qd7tcv6m0H45K/3ioJ4+w==
  dependencies:
    "@wansproject/bytes" "^5.0.5"
    js-sha3 "0.5.7"

"@wansproject/logger@^5.0.6":
  version "5.0.6"
  resolved "https://registry.npmjs.org/@wansproject/logger/-/logger-5.0.6.tgz#46ad66cf844b7b17e2b3602d0a3773fde5c5dee0"
  integrity sha512-Pi8Qa2UekEXiRhSNA5oEVnG68/Uh2CvGZotVCuSZUH5OgjDVQRf4jenUwZ63lFd+C41pvu/mUsRNZRkKHsH+VQ==

js-sha3@0.5.7:
  version "0.5.7"
  resolved "https://registry.npmjs.org/js-sha3/-/js-sha3-0.5.7.tgz#0d4ffd8002d5333aabaf4a23eed2f6374c9f28e7"
  integrity sha1-DU/9gALVMzqrr0oj7tL2N0yfKOc=

tiny-invariant@^1.0.6:
  version "1.1.0"
  resolved "https://registry.npmjs.org/tiny-invariant/-/tiny-invariant-1.1.0.tgz#634c5f8efdc27714b7f386c35e6760991d230875"
  integrity sha512-ytxQvrb1cPc9WBEI/HSeYYoGD0kWnGEOR8RY6KomWLBVhqz0RgTwVO9dLrGz7dC+nN9llyI7OKAgRq8Vq4ZBSw==

tiny-warning@^1.0.3:
  version "1.0.3"
  resolved "https://registry.npmjs.org/tiny-warning/-/tiny-warning-1.0.3.tgz#94a30db453df4c643d0fd566060d60a875d84754"
  integrity sha512-lBN9zLN/oAf68o3zNXYrdCt1kP8WsiGW8Oo2ka41b2IM5JL/S1CTyX1rW0mb/zSuJun0ZUrDxx4sqvYS2FWzPA==
